
Microsoft Visual Studio Solution File, Format Version 12.00
# Visual Studio Version 17
VisualStudioVersion = 17.8.34511.84
MinimumVisualStudioVersion = 10.0.40219.1
Project("{FAE04EC0-301F-11D3-BF4B-00C04F79EFBC}") = "ATMSim", "ATMSim\ATMSim.csproj", "{1A67FF64-8DC5-45A3-83A3-27448277AF3C}"
EndProject
Global
	GlobalSection(SolutionConfigurationPlatforms) = preSolution
		Debug|Any CPU = Debug|Any CPU
		Release|Any CPU = Release|Any CPU
	EndGlobalSection
	GlobalSection(ProjectConfigurationPlatforms) = postSolution
		{1A67FF64-8DC5-45A3-83A3-27448277AF3C}.Debug|Any CPU.ActiveCfg = Debug|Any CPU
		{1A67FF64-8DC5-45A3-83A3-27448277AF3C}.Debug|Any CPU.Build.0 = Debug|Any CPU
		{1A67FF64-8DC5-45A3-83A3-27448277AF3C}.Release|Any CPU.ActiveCfg = Release|Any CPU
		{1A67FF64-8DC5-45A3-83A3-27448277AF3C}.Release|Any CPU.Build.0 = Release|Any CPU
	EndGlobalSection
	GlobalSection(SolutionProperties) = preSolution
		HideSolutionNode = FALSE
	EndGlobalSection
	GlobalSection(ExtensibilityGlobals) = postSolution
		SolutionGuid = {3547094E-7C60-42B4-930B-BCD62088367B}
	EndGlobalSection
EndGlobal
